# This file was autogenerated by uv via the following command:
#    uv pip compile requirements.txt -o uv.lock
a2a==0.44
    # via -r requirements.txt
a2a-json-rpc==0.1.3
    # via
    #   -r requirements.txt
    #   a2a-server
a2a-sdk==0.2.7
    # via -r requirements.txt
a2a-server==0.1.7
    # via -r requirements.txt
absl-py==2.3.0
    # via
    #   -r requirements.txt
    #   mesop
aiofiles==24.1.0
    # via
    #   -r requirements.txt
    #   a2a-server
    #   chuk-session-manager
aiohappyeyeballs==2.6.1
    # via
    #   -r requirements.txt
    #   aiohttp
aiohttp==3.12.13
    # via
    #   -r requirements.txt
    #   auth0-python
    #   instructor
    #   litellm
    #   llama-index-core
    #   semantic-kernel
aioice==0.10.1
    # via
    #   -r requirements.txt
    #   aiortc
aiortc==1.13.0
    # via
    #   -r requirements.txt
    #   semantic-kernel
aiosignal==1.3.2
    # via
    #   -r requirements.txt
    #   aiohttp
aiosqlite==0.21.0
    # via
    #   -r requirements.txt
    #   llama-index-core
    #   marvin
alembic==1.16.1
    # via
    #   -r requirements.txt
    #   marvin
annotated-types==0.7.0
    # via
    #   -r requirements.txt
    #   pydantic
anthropic==0.54.0
    # via
    #   -r requirements.txt
    #   chuk-llm
    #   pydantic-ai-slim
anyio==4.9.0
    # via
    #   -r requirements.txt
    #   a2a-json-rpc
    #   anthropic
    #   chuk-mcp
    #   google-genai
    #   groq
    #   httpx
    #   mcp
    #   openai
    #   pydantic-evals
    #   sse-starlette
    #   starlette
    #   watchfiles
appdirs==1.4.4
    # via
    #   -r requirements.txt
    #   crewai
argcomplete==3.6.2
    # via
    #   -r requirements.txt
    #   pydantic-ai-slim
asgiref==3.8.1
    # via
    #   -r requirements.txt
    #   opentelemetry-instrumentation-asgi
asttokens==3.0.0
    # via
    #   -r requirements.txt
    #   stack-data
asyncio==3.4.3
    # via
    #   -r requirements.txt
    #   a2a-server
    #   chuk-llm
attrs==25.3.0
    # via
    #   -r requirements.txt
    #   aiohttp
    #   jsonschema
    #   referencing
    #   service-identity
    #   twisted
auth0-python==4.10.0
    # via
    #   -r requirements.txt
    #   crewai
authlib==1.6.0
    # via
    #   -r requirements.txt
    #   google-adk
automat==25.4.16
    # via
    #   -r requirements.txt
    #   twisted
av==14.4.0
    # via
    #   -r requirements.txt
    #   aiortc
azure-ai-agents==1.0.1
    # via
    #   azure-ai-projects
    #   semantic-kernel
azure-ai-projects==1.0.0b11
    # via semantic-kernel
azure-core==1.34.0
    # via
    #   -r requirements.txt
    #   azure-ai-agents
    #   azure-ai-projects
    #   azure-identity
    #   azure-storage-blob
azure-identity==1.23.0
    # via
    #   -r requirements.txt
    #   semantic-kernel
azure-storage-blob==12.25.1
    # via azure-ai-projects
backoff==2.2.1
    # via
    #   -r requirements.txt
    #   posthog
banks==2.1.2
    # via
    #   -r requirements.txt
    #   llama-index-core
bcrypt==4.3.0
    # via
    #   -r requirements.txt
    #   chromadb
beautifulsoup4==4.13.4
    # via
    #   -r requirements.txt
    #   llama-index-readers-file
blinker==1.9.0
    # via
    #   -r requirements.txt
    #   crewai
    #   flask
boto3==1.38.36
    # via
    #   -r requirements.txt
    #   pydantic-ai-slim
botocore==1.38.36
    # via
    #   -r requirements.txt
    #   boto3
    #   s3transfer
build==1.2.2.post1
    # via
    #   -r requirements.txt
    #   chromadb
cachetools==5.5.2
    # via
    #   -r requirements.txt
    #   google-auth
certifi==2025.4.26
    # via
    #   -r requirements.txt
    #   httpcore
    #   httpx
    #   kubernetes
    #   llama-cloud
    #   pinecone
    #   requests
cffi==1.17.1
    # via
    #   -r requirements.txt
    #   aiortc
    #   cryptography
    #   pylibsrtp
chardet==5.2.0
    # via
    #   -r requirements.txt
    #   prance
charset-normalizer==3.4.2
    # via
    #   -r requirements.txt
    #   pdfminer-six
    #   requests
chroma-hnswlib==0.7.6
    # via
    #   -r requirements.txt
    #   chromadb
chromadb==0.6.3
    # via
    #   -r requirements.txt
    #   crewai
chuk-llm==0.1.3
    # via
    #   -r requirements.txt
    #   a2a-server
chuk-mcp==0.1.12
    # via
    #   -r requirements.txt
    #   chuk-tool-processor
chuk-session-manager==0.1.0
    # via
    #   -r requirements.txt
    #   a2a-server
chuk-tool-processor==0.4.1
    # via
    #   -r requirements.txt
    #   chuk-session-manager
click==8.2.1
    # via
    #   -r requirements.txt
    #   crewai
    #   flask
    #   google-adk
    #   litellm
    #   llama-cloud-services
    #   nltk
    #   typer
    #   uvicorn
cloudevents==1.12.0
    # via
    #   -r requirements.txt
    #   semantic-kernel
cloudpickle==3.1.1
    # via google-cloud-aiplatform
cohere==5.15.0
    # via
    #   -r requirements.txt
    #   pydantic-ai-slim
colorama==0.4.6
    # via
    #   -r requirements.txt
    #   griffe
coloredlogs==15.0.1
    # via
    #   -r requirements.txt
    #   onnxruntime
common==0.1.2
    # via -r requirements.txt
constantly==23.10.4
    # via
    #   -r requirements.txt
    #   twisted
crewai==0.130.0
    # via -r requirements.txt
cryptography==45.0.4
    # via
    #   -r requirements.txt
    #   aiortc
    #   auth0-python
    #   authlib
    #   azure-identity
    #   azure-storage-blob
    #   jwcrypto
    #   jwt
    #   msal
    #   pdfminer-six
    #   pyjwt
    #   pyopenssl
    #   scrapy
    #   service-identity
cssselect==1.3.0
    # via
    #   -r requirements.txt
    #   parsel
    #   scrapy
dataclasses-json==0.6.7
    # via
    #   -r requirements.txt
    #   llama-index-core
decorator==5.2.1
    # via
    #   -r requirements.txt
    #   ipython
deepdiff==6.7.1
    # via
    #   -r requirements.txt
    #   mesop
defusedxml==0.7.1
    # via
    #   -r requirements.txt
    #   scrapy
    #   semantic-kernel
deprecated==1.2.18
    # via
    #   -r requirements.txt
    #   banks
    #   llama-index-core
deprecation==2.1.0
    # via
    #   -r requirements.txt
    #   cloudevents
dirtyjson==1.0.8
    # via
    #   -r requirements.txt
    #   llama-index-core
distro==1.9.0
    # via
    #   -r requirements.txt
    #   anthropic
    #   groq
    #   openai
    #   posthog
dnspython==2.7.0
    # via
    #   -r requirements.txt
    #   aioice
    #   email-validator
    #   pymongo
docstring-parser==0.16
    # via
    #   -r requirements.txt
    #   google-cloud-aiplatform
    #   instructor
dotenv==0.9.9
    # via
    #   -r requirements.txt
    #   chuk-tool-processor
durationpy==0.10
    # via
    #   -r requirements.txt
    #   kubernetes
email-validator==2.2.0
    # via
    #   -r requirements.txt
    #   pydantic
et-xmlfile==2.0.0
    # via
    #   -r requirements.txt
    #   openpyxl
eval-type-backport==0.2.2
    # via
    #   -r requirements.txt
    #   mistralai
    #   pydantic-ai-slim
executing==2.2.0
    # via
    #   -r requirements.txt
    #   stack-data
fasta2a==0.2.18
    # via
    #   -r requirements.txt
    #   pydantic-ai-slim
fastapi==0.115.12
    # via
    #   -r requirements.txt
    #   a2a-sdk
    #   a2a-server
    #   chromadb
    #   google-adk
fastavro==1.11.1
    # via
    #   -r requirements.txt
    #   cohere
filelock==3.18.0
    # via
    #   -r requirements.txt
    #   huggingface-hub
    #   tldextract
filetype==1.2.0
    # via
    #   -r requirements.txt
    #   langchain-google-genai
    #   llama-index-core
flask==3.1.1
    # via
    #   -r requirements.txt
    #   mesop
flatbuffers==25.2.10
    # via
    #   -r requirements.txt
    #   onnxruntime
frozenlist==1.7.0
    # via
    #   -r requirements.txt
    #   aiohttp
    #   aiosignal
fsspec==2025.5.1
    # via
    #   -r requirements.txt
    #   huggingface-hub
    #   llama-index-core
google-adk==1.3.0
    # via
    #   -r requirements.txt
    #   a2a-server
google-ai-generativelanguage==0.6.18
    # via
    #   -r requirements.txt
    #   langchain-google-genai
google-api-core==2.25.1
    # via
    #   -r requirements.txt
    #   a2a-sdk
    #   google-ai-generativelanguage
    #   google-api-python-client
    #   google-cloud-aiplatform
    #   google-cloud-appengine-logging
    #   google-cloud-bigquery
    #   google-cloud-core
    #   google-cloud-logging
    #   google-cloud-resource-manager
    #   google-cloud-secret-manager
    #   google-cloud-speech
    #   google-cloud-storage
    #   google-cloud-trace
google-api-python-client==2.172.0
    # via
    #   -r requirements.txt
    #   google-adk
google-auth==2.40.3
    # via
    #   -r requirements.txt
    #   google-ai-generativelanguage
    #   google-api-core
    #   google-api-python-client
    #   google-auth-httplib2
    #   google-cloud-aiplatform
    #   google-cloud-appengine-logging
    #   google-cloud-bigquery
    #   google-cloud-core
    #   google-cloud-logging
    #   google-cloud-resource-manager
    #   google-cloud-secret-manager
    #   google-cloud-speech
    #   google-cloud-storage
    #   google-cloud-trace
    #   google-genai
    #   kubernetes
    #   pydantic-ai-slim
google-auth-httplib2==0.2.0
    # via
    #   -r requirements.txt
    #   google-api-python-client
google-cloud-aiplatform==1.97.0
    # via
    #   -r requirements.txt
    #   google-adk
google-cloud-appengine-logging==1.6.2
    # via google-cloud-logging
google-cloud-audit-log==0.3.2
    # via google-cloud-logging
google-cloud-bigquery==3.34.0
    # via
    #   -r requirements.txt
    #   google-cloud-aiplatform
google-cloud-core==2.4.3
    # via
    #   -r requirements.txt
    #   google-cloud-bigquery
    #   google-cloud-logging
    #   google-cloud-storage
google-cloud-logging==3.12.1
    # via google-cloud-aiplatform
google-cloud-resource-manager==1.14.2
    # via
    #   -r requirements.txt
    #   google-cloud-aiplatform
google-cloud-secret-manager==2.24.0
    # via
    #   -r requirements.txt
    #   google-adk
google-cloud-speech==2.33.0
    # via
    #   -r requirements.txt
    #   google-adk
google-cloud-storage==2.19.0
    # via
    #   -r requirements.txt
    #   google-adk
    #   google-cloud-aiplatform
google-cloud-trace==1.16.2
    # via
    #   -r requirements.txt
    #   google-cloud-aiplatform
    #   opentelemetry-exporter-gcp-trace
google-crc32c==1.7.1
    # via
    #   -r requirements.txt
    #   aiortc
    #   google-cloud-storage
    #   google-resumable-media
google-genai==1.20.0
    # via
    #   -r requirements.txt
    #   chuk-llm
    #   google-adk
    #   google-cloud-aiplatform
    #   llama-index-llms-google-genai
    #   pydantic-ai-slim
google-resumable-media==2.7.2
    # via
    #   -r requirements.txt
    #   google-cloud-bigquery
    #   google-cloud-storage
googleapis-common-protos==1.70.0
    # via
    #   -r requirements.txt
    #   google-api-core
    #   google-cloud-audit-log
    #   grpc-google-iam-v1
    #   grpcio-status
    #   opentelemetry-exporter-otlp-proto-grpc
    #   opentelemetry-exporter-otlp-proto-http
graphviz==0.20.3
    # via
    #   -r requirements.txt
    #   google-adk
greenlet==3.2.3
    # via
    #   -r requirements.txt
    #   sqlalchemy
griffe==1.7.3
    # via
    #   -r requirements.txt
    #   banks
    #   pydantic-ai-slim
groq==0.28.0
    # via
    #   -r requirements.txt
    #   chuk-llm
    #   pydantic-ai-slim
grpc-google-iam-v1==0.14.2
    # via
    #   -r requirements.txt
    #   google-cloud-logging
    #   google-cloud-resource-manager
    #   google-cloud-secret-manager
grpcio==1.73.0
    # via
    #   -r requirements.txt
    #   a2a-sdk
    #   chromadb
    #   google-api-core
    #   googleapis-common-protos
    #   grpc-google-iam-v1
    #   grpcio-reflection
    #   grpcio-status
    #   grpcio-tools
    #   opentelemetry-exporter-otlp-proto-grpc
grpcio-reflection==1.71.0
    # via
    #   -r requirements.txt
    #   a2a-sdk
grpcio-status==1.71.0
    # via google-api-core
grpcio-tools==1.71.0
    # via
    #   -r requirements.txt
    #   a2a-sdk
h11==0.16.0
    # via
    #   -r requirements.txt
    #   httpcore
    #   uvicorn
hf-xet==1.1.3
    # via huggingface-hub
httpcore==1.0.9
    # via
    #   -r requirements.txt
    #   httpx
httplib2==0.22.0
    # via
    #   -r requirements.txt
    #   google-api-python-client
    #   google-auth-httplib2
httptools==0.6.4
    # via
    #   -r requirements.txt
    #   uvicorn
httpx==0.28.1
    # via
    #   -r requirements.txt
    #   a2a-sdk
    #   a2a-server
    #   anthropic
    #   chromadb
    #   cohere
    #   google-genai
    #   groq
    #   langgraph-sdk
    #   langsmith
    #   litellm
    #   llama-cloud
    #   llama-index-core
    #   mcp
    #   mistralai
    #   ollama
    #   openai
    #   pydantic-ai-slim
    #   pydantic-graph
httpx-sse==0.4.0
    # via
    #   -r requirements.txt
    #   a2a-sdk
    #   cohere
    #   mcp
huggingface-hub==0.33.0
    # via
    #   -r requirements.txt
    #   tokenizers
humanfriendly==10.0
    # via
    #   -r requirements.txt
    #   coloredlogs
hyperlink==21.0.0
    # via
    #   -r requirements.txt
    #   twisted
idna==3.10
    # via
    #   -r requirements.txt
    #   anyio
    #   email-validator
    #   httpx
    #   hyperlink
    #   requests
    #   tldextract
    #   yarl
ifaddr==0.2.0
    # via
    #   -r requirements.txt
    #   aioice
importlib-metadata==8.7.0
    # via
    #   -r requirements.txt
    #   litellm
    #   opentelemetry-api
importlib-resources==6.5.2
    # via
    #   -r requirements.txt
    #   chromadb
incremental==24.7.2
    # via
    #   -r requirements.txt
    #   twisted
instructor==1.8.3
    # via
    #   -r requirements.txt
    #   crewai
ipython==9.3.0
    # via
    #   -r requirements.txt
    #   pyvis
ipython-pygments-lexers==1.1.1
    # via
    #   -r requirements.txt
    #   ipython
isodate==0.7.2
    # via
    #   -r requirements.txt
    #   azure-ai-agents
    #   azure-ai-projects
    #   azure-storage-blob
    #   openapi-core
itemadapter==0.11.0
    # via
    #   -r requirements.txt
    #   itemloaders
    #   scrapy
itemloaders==1.3.2
    # via
    #   -r requirements.txt
    #   scrapy
itsdangerous==2.2.0
    # via
    #   -r requirements.txt
    #   flask
jedi==0.19.2
    # via
    #   -r requirements.txt
    #   ipython
jinja2==3.1.6
    # via
    #   -r requirements.txt
    #   banks
    #   flask
    #   instructor
    #   litellm
    #   marvin
    #   pyvis
    #   semantic-kernel
jiter==0.8.2
    # via
    #   -r requirements.txt
    #   anthropic
    #   instructor
    #   openai
jmespath==1.0.1
    # via
    #   -r requirements.txt
    #   boto3
    #   botocore
    #   itemloaders
    #   parsel
joblib==1.5.1
    # via
    #   -r requirements.txt
    #   nltk
json-repair==0.46.2
    # via
    #   -r requirements.txt
    #   crewai
json5==0.12.0
    # via
    #   -r requirements.txt
    #   crewai
jsonpatch==1.33
    # via
    #   -r requirements.txt
    #   langchain-core
jsonpickle==4.1.1
    # via
    #   -r requirements.txt
    #   pyvis
jsonpointer==3.0.0
    # via
    #   -r requirements.txt
    #   jsonpatch
jsonref==1.1.0
    # via
    #   -r requirements.txt
    #   crewai
jsonschema==4.24.0
    # via
    #   -r requirements.txt
    #   litellm
    #   openapi-core
    #   openapi-schema-validator
    #   openapi-spec-validator
jsonschema-path==0.3.4
    # via
    #   -r requirements.txt
    #   openapi-core
    #   openapi-spec-validator
jsonschema-specifications==2025.4.1
    # via
    #   -r requirements.txt
    #   jsonschema
    #   openapi-schema-validator
jwcrypto==1.5.6
    # via -r requirements.txt
jwt==1.3.1
    # via -r requirements.txt
kubernetes==33.1.0
    # via
    #   -r requirements.txt
    #   chromadb
langchain==0.3.25
    # via -r requirements.txt
langchain-core==0.3.65
    # via
    #   -r requirements.txt
    #   langchain
    #   langchain-google-genai
    #   langchain-text-splitters
    #   langgraph
    #   langgraph-checkpoint
    #   langgraph-prebuilt
langchain-google-genai==2.1.5
    # via -r requirements.txt
langchain-text-splitters==0.3.8
    # via
    #   -r requirements.txt
    #   langchain
langgraph==0.4.8
    # via -r requirements.txt
langgraph-checkpoint==2.0.26
    # via
    #   -r requirements.txt
    #   langgraph
    #   langgraph-prebuilt
langgraph-prebuilt==0.2.2
    # via
    #   -r requirements.txt
    #   langgraph
langgraph-sdk==0.1.70
    # via
    #   -r requirements.txt
    #   langgraph
langsmith==0.3.45
    # via
    #   -r requirements.txt
    #   langchain
    #   langchain-core
lazy-object-proxy==1.11.0
    # via
    #   -r requirements.txt
    #   openapi-spec-validator
litellm==1.72.0
    # via
    #   -r requirements.txt
    #   a2a-server
    #   crewai
llama-cloud==0.1.26
    # via
    #   -r requirements.txt
    #   llama-cloud-services
    #   llama-index-indices-managed-llama-cloud
llama-cloud-services==0.6.32
    # via
    #   -r requirements.txt
    #   llama-parse
llama-index==0.12.42
    # via -r requirements.txt
llama-index-agent-openai==0.4.11
    # via
    #   -r requirements.txt
    #   llama-index
    #   llama-index-program-openai
llama-index-cli==0.4.3
    # via
    #   -r requirements.txt
    #   llama-index
llama-index-core==0.12.42
    # via
    #   -r requirements.txt
    #   llama-cloud-services
    #   llama-index
    #   llama-index-agent-openai
    #   llama-index-cli
    #   llama-index-embeddings-openai
    #   llama-index-indices-managed-llama-cloud
    #   llama-index-llms-google-genai
    #   llama-index-llms-openai
    #   llama-index-multi-modal-llms-openai
    #   llama-index-program-openai
    #   llama-index-question-gen-openai
    #   llama-index-readers-file
    #   llama-index-readers-llama-parse
llama-index-embeddings-openai==0.3.1
    # via
    #   -r requirements.txt
    #   llama-index
    #   llama-index-cli
llama-index-indices-managed-llama-cloud==0.7.7
    # via
    #   -r requirements.txt
    #   llama-index
llama-index-llms-google-genai==0.2.1
    # via -r requirements.txt
llama-index-llms-openai==0.4.6
    # via
    #   -r requirements.txt
    #   llama-index
    #   llama-index-agent-openai
    #   llama-index-cli
    #   llama-index-multi-modal-llms-openai
    #   llama-index-program-openai
    #   llama-index-question-gen-openai
llama-index-multi-modal-llms-openai==0.5.1
    # via
    #   -r requirements.txt
    #   llama-index
llama-index-program-openai==0.3.2
    # via
    #   -r requirements.txt
    #   llama-index
    #   llama-index-question-gen-openai
llama-index-question-gen-openai==0.3.1
    # via
    #   -r requirements.txt
    #   llama-index
llama-index-readers-file==0.4.9
    # via
    #   -r requirements.txt
    #   llama-index
llama-index-readers-llama-parse==0.4.0
    # via
    #   -r requirements.txt
    #   llama-index
llama-parse==0.6.32
    # via
    #   -r requirements.txt
    #   llama-index-readers-llama-parse
logfire-api==3.19.0
    # via
    #   -r requirements.txt
    #   pydantic-evals
    #   pydantic-graph
loguru==0.7.3
    # via -r requirements.txt
lxml==5.4.0
    # via
    #   -r requirements.txt
    #   parsel
    #   scrapy
mako==1.3.10
    # via
    #   -r requirements.txt
    #   alembic
markdown-it-py==3.0.0
    # via
    #   -r requirements.txt
    #   rich
markupsafe==3.0.2
    # via
    #   -r requirements.txt
    #   flask
    #   jinja2
    #   mako
    #   werkzeug
marshmallow==3.26.1
    # via
    #   -r requirements.txt
    #   dataclasses-json
marvin==3.1.1
    # via -r requirements.txt
matplotlib-inline==0.1.7
    # via
    #   -r requirements.txt
    #   ipython
mcp==1.9.4
    # via
    #   -r requirements.txt
    #   google-adk
    #   pydantic-ai-slim
mdurl==0.1.2
    # via
    #   -r requirements.txt
    #   markdown-it-py
mesop==1.0.1
    # via -r requirements.txt
mistralai==1.8.2
    # via
    #   -r requirements.txt
    #   chuk-llm
    #   pydantic-ai-slim
mmh3==5.1.0
    # via
    #   -r requirements.txt
    #   chromadb
monotonic==1.6
    # via -r requirements.txt
more-itertools==10.7.0
    # via
    #   -r requirements.txt
    #   openapi-core
motor==3.7.1
    # via -r requirements.txt
mpmath==1.3.0
    # via
    #   -r requirements.txt
    #   sympy
msal==1.32.3
    # via
    #   -r requirements.txt
    #   azure-identity
    #   msal-extensions
msal-extensions==1.3.1
    # via
    #   -r requirements.txt
    #   azure-identity
msgpack==1.1.1
    # via
    #   -r requirements.txt
    #   mesop
multidict==6.4.4
    # via
    #   -r requirements.txt
    #   aiohttp
    #   yarl
mypy-extensions==1.1.0
    # via
    #   -r requirements.txt
    #   typing-inspect
nest-asyncio==1.6.0
    # via
    #   -r requirements.txt
    #   llama-index-core
    #   semantic-kernel
networkx==3.5
    # via
    #   -r requirements.txt
    #   llama-index-core
    #   pyvis
nltk==3.9.1
    # via
    #   -r requirements.txt
    #   llama-index
    #   llama-index-core
numpy==2.3.0
    # via
    #   -r requirements.txt
    #   chroma-hnswlib
    #   chromadb
    #   chuk-llm
    #   llama-index-core
    #   onnxruntime
    #   pandas
    #   scipy
    #   semantic-kernel
    #   shapely
oauthlib==3.2.2
    # via
    #   -r requirements.txt
    #   kubernetes
    #   requests-oauthlib
ollama==0.5.1
    # via
    #   -r requirements.txt
    #   chuk-llm
onnxruntime==1.22.0
    # via
    #   -r requirements.txt
    #   chromadb
    #   crewai
openai==1.86.0
    # via
    #   -r requirements.txt
    #   chuk-llm
    #   chuk-tool-processor
    #   crewai
    #   instructor
    #   litellm
    #   llama-index-agent-openai
    #   llama-index-embeddings-openai
    #   llama-index-llms-openai
    #   pydantic-ai-slim
    #   semantic-kernel
openapi-core==0.19.5
    # via
    #   -r requirements.txt
    #   semantic-kernel
openapi-schema-validator==0.6.3
    # via
    #   -r requirements.txt
    #   openapi-core
    #   openapi-spec-validator
openapi-spec-validator==0.7.2
    # via
    #   -r requirements.txt
    #   openapi-core
openpyxl==3.1.5
    # via
    #   -r requirements.txt
    #   crewai
opentelemetry-api==1.34.1
    # via
    #   -r requirements.txt
    #   a2a-sdk
    #   chromadb
    #   crewai
    #   fasta2a
    #   google-adk
    #   google-cloud-logging
    #   opentelemetry-exporter-gcp-trace
    #   opentelemetry-exporter-otlp-proto-grpc
    #   opentelemetry-exporter-otlp-proto-http
    #   opentelemetry-exporter-prometheus
    #   opentelemetry-instrumentation
    #   opentelemetry-instrumentation-asgi
    #   opentelemetry-instrumentation-fastapi
    #   opentelemetry-resourcedetector-gcp
    #   opentelemetry-sdk
    #   opentelemetry-semantic-conventions
    #   pydantic-ai-slim
    #   semantic-kernel
opentelemetry-exporter-gcp-trace==1.9.0
    # via
    #   -r requirements.txt
    #   google-adk
    #   google-cloud-aiplatform
opentelemetry-exporter-otlp==1.34.1
    # via
    #   -r requirements.txt
    #   a2a-server
opentelemetry-exporter-otlp-proto-common==1.34.1
    # via
    #   -r requirements.txt
    #   opentelemetry-exporter-otlp-proto-grpc
    #   opentelemetry-exporter-otlp-proto-http
opentelemetry-exporter-otlp-proto-grpc==1.34.1
    # via
    #   -r requirements.txt
    #   chromadb
    #   opentelemetry-exporter-otlp
opentelemetry-exporter-otlp-proto-http==1.34.1
    # via
    #   -r requirements.txt
    #   crewai
    #   opentelemetry-exporter-otlp
opentelemetry-exporter-prometheus==0.55b1
    # via
    #   -r requirements.txt
    #   a2a-server
opentelemetry-instrumentation==0.55b1
    # via
    #   -r requirements.txt
    #   opentelemetry-instrumentation-asgi
    #   opentelemetry-instrumentation-fastapi
opentelemetry-instrumentation-asgi==0.55b1
    # via
    #   -r requirements.txt
    #   opentelemetry-instrumentation-fastapi
opentelemetry-instrumentation-fastapi==0.55b1
    # via
    #   -r requirements.txt
    #   chromadb
opentelemetry-proto==1.34.1
    # via
    #   -r requirements.txt
    #   opentelemetry-exporter-otlp-proto-common
    #   opentelemetry-exporter-otlp-proto-grpc
    #   opentelemetry-exporter-otlp-proto-http
opentelemetry-resourcedetector-gcp==1.9.0a0
    # via
    #   -r requirements.txt
    #   opentelemetry-exporter-gcp-trace
opentelemetry-sdk==1.34.1
    # via
    #   -r requirements.txt
    #   a2a-sdk
    #   a2a-server
    #   chromadb
    #   crewai
    #   google-adk
    #   google-cloud-aiplatform
    #   opentelemetry-exporter-gcp-trace
    #   opentelemetry-exporter-otlp-proto-grpc
    #   opentelemetry-exporter-otlp-proto-http
    #   opentelemetry-exporter-prometheus
    #   opentelemetry-resourcedetector-gcp
    #   semantic-kernel
opentelemetry-semantic-conventions==0.55b1
    # via
    #   -r requirements.txt
    #   opentelemetry-instrumentation
    #   opentelemetry-instrumentation-asgi
    #   opentelemetry-instrumentation-fastapi
    #   opentelemetry-sdk
opentelemetry-util-http==0.55b1
    # via
    #   -r requirements.txt
    #   opentelemetry-instrumentation-asgi
    #   opentelemetry-instrumentation-fastapi
ordered-set==4.1.0
    # via
    #   -r requirements.txt
    #   deepdiff
orjson==3.10.18
    # via
    #   -r requirements.txt
    #   chromadb
    #   langgraph-sdk
    #   langsmith
ormsgpack==1.10.0
    # via
    #   -r requirements.txt
    #   langgraph-checkpoint
overrides==7.7.0
    # via
    #   -r requirements.txt
    #   chromadb
packaging==24.2
    # via
    #   -r requirements.txt
    #   build
    #   deprecation
    #   google-cloud-aiplatform
    #   google-cloud-bigquery
    #   huggingface-hub
    #   langchain-core
    #   langsmith
    #   marshmallow
    #   onnxruntime
    #   opentelemetry-instrumentation
    #   parsel
    #   pinecone-plugin-assistant
    #   prance
    #   scrapy
pandas==2.2.3
    # via
    #   -r requirements.txt
    #   llama-index-readers-file
parse==1.20.2
    # via
    #   -r requirements.txt
    #   openapi-core
parsel==1.10.0
    # via
    #   -r requirements.txt
    #   itemloaders
    #   scrapy
parso==0.8.4
    # via
    #   -r requirements.txt
    #   jedi
partial-json-parser==0.2.1.1.post5
    # via
    #   -r requirements.txt
    #   marvin
pathable==0.4.4
    # via
    #   -r requirements.txt
    #   jsonschema-path
pdfminer-six==20250506
    # via
    #   -r requirements.txt
    #   pdfplumber
pdfplumber==0.11.7
    # via
    #   -r requirements.txt
    #   crewai
pexpect==4.9.0
    # via
    #   -r requirements.txt
    #   ipython
pillow==11.2.1
    # via
    #   -r requirements.txt
    #   chuk-llm
    #   llama-index-core
    #   llama-index-llms-google-genai
    #   pdfplumber
pinecone==7.0.2
    # via -r requirements.txt
pinecone-plugin-assistant==1.7.0
    # via pinecone
pinecone-plugin-interface==0.0.7
    # via
    #   -r requirements.txt
    #   pinecone
platformdirs==4.3.8
    # via
    #   -r requirements.txt
    #   banks
    #   llama-cloud-services
posthog==4.10.0
    # via
    #   -r requirements.txt
    #   chromadb
prance==25.4.8.0
    # via
    #   -r requirements.txt
    #   semantic-kernel
prometheus-client==0.22.1
    # via
    #   -r requirements.txt
    #   a2a-server
    #   opentelemetry-exporter-prometheus
prompt-toolkit==3.0.51
    # via
    #   -r requirements.txt
    #   ipython
    #   pydantic-ai-slim
propcache==0.3.2
    # via
    #   -r requirements.txt
    #   aiohttp
    #   yarl
protego==0.4.0
    # via
    #   -r requirements.txt
    #   scrapy
proto-plus==1.26.1
    # via
    #   -r requirements.txt
    #   google-ai-generativelanguage
    #   google-api-core
    #   google-cloud-aiplatform
    #   google-cloud-appengine-logging
    #   google-cloud-logging
    #   google-cloud-resource-manager
    #   google-cloud-secret-manager
    #   google-cloud-speech
    #   google-cloud-trace
protobuf==5.29.5
    # via
    #   -r requirements.txt
    #   google-ai-generativelanguage
    #   google-api-core
    #   google-cloud-aiplatform
    #   google-cloud-appengine-logging
    #   google-cloud-audit-log
    #   google-cloud-logging
    #   google-cloud-resource-manager
    #   google-cloud-secret-manager
    #   google-cloud-speech
    #   google-cloud-trace
    #   googleapis-common-protos
    #   grpc-google-iam-v1
    #   grpcio-reflection
    #   grpcio-status
    #   grpcio-tools
    #   mesop
    #   onnxruntime
    #   opentelemetry-proto
    #   proto-plus
    #   semantic-kernel
ptyprocess==0.7.0
    # via
    #   -r requirements.txt
    #   pexpect
pure-eval==0.2.3
    # via
    #   -r requirements.txt
    #   stack-data
pyasn1==0.6.1
    # via
    #   -r requirements.txt
    #   pyasn1-modules
    #   rsa
    #   service-identity
pyasn1-modules==0.4.2
    # via
    #   -r requirements.txt
    #   google-auth
    #   service-identity
pybars4==0.9.13
    # via
    #   -r requirements.txt
    #   semantic-kernel
pycparser==2.22
    # via
    #   -r requirements.txt
    #   cffi
pydantic==2.11.7
    # via
    #   -r requirements.txt
    #   a2a-json-rpc
    #   a2a-sdk
    #   a2a-server
    #   anthropic
    #   banks
    #   chromadb
    #   chuk-session-manager
    #   chuk-tool-processor
    #   cohere
    #   crewai
    #   fasta2a
    #   fastapi
    #   google-adk
    #   google-cloud-aiplatform
    #   google-genai
    #   groq
    #   instructor
    #   langchain
    #   langchain-core
    #   langchain-google-genai
    #   langgraph
    #   langsmith
    #   litellm
    #   llama-cloud
    #   llama-cloud-services
    #   llama-index-core
    #   marvin
    #   mcp
    #   mesop
    #   mistralai
    #   ollama
    #   openai
    #   pydantic-ai-slim
    #   pydantic-evals
    #   pydantic-graph
    #   pydantic-settings
    #   semantic-kernel
pydantic-ai==0.2.18
    # via
    #   -r requirements.txt
    #   marvin
pydantic-ai-slim==0.2.18
    # via
    #   -r requirements.txt
    #   pydantic-ai
    #   pydantic-evals
pydantic-core==2.33.2
    # via
    #   -r requirements.txt
    #   cohere
    #   instructor
    #   pydantic
pydantic-evals==0.2.18
    # via
    #   -r requirements.txt
    #   pydantic-ai-slim
pydantic-graph==0.2.18
    # via
    #   -r requirements.txt
    #   pydantic-ai-slim
pydantic-settings==2.9.1
    # via
    #   -r requirements.txt
    #   marvin
    #   mcp
    #   semantic-kernel
pydispatcher==2.0.7
    # via
    #   -r requirements.txt
    #   scrapy
pyee==13.0.0
    # via
    #   -r requirements.txt
    #   aiortc
pygments==2.19.1
    # via
    #   -r requirements.txt
    #   ipython
    #   ipython-pygments-lexers
    #   rich
pyjwt==2.10.1
    # via
    #   -r requirements.txt
    #   auth0-python
    #   msal
pylibsrtp==0.12.0
    # via
    #   -r requirements.txt
    #   aiortc
pymeta3==0.5.1
    # via
    #   -r requirements.txt
    #   pybars4
pymongo==4.13.1
    # via
    #   -r requirements.txt
    #   motor
pyopenssl==25.1.0
    # via
    #   -r requirements.txt
    #   aiortc
    #   scrapy
pyparsing==3.2.3
    # via
    #   -r requirements.txt
    #   httplib2
pypdf==5.6.0
    # via
    #   -r requirements.txt
    #   llama-index-readers-file
pypdfium2==4.30.1
    # via
    #   -r requirements.txt
    #   pdfplumber
pypika==0.48.9
    # via
    #   -r requirements.txt
    #   chromadb
pyproject-hooks==1.2.0
    # via
    #   -r requirements.txt
    #   build
python-dateutil==2.9.0.post0
    # via
    #   -r requirements.txt
    #   botocore
    #   google-cloud-bigquery
    #   kubernetes
    #   mistralai
    #   pandas
    #   pinecone
    #   posthog
python-dotenv==1.1.0
    # via
    #   -r requirements.txt
    #   chuk-llm
    #   crewai
    #   dotenv
    #   google-adk
    #   litellm
    #   llama-cloud-services
    #   mesop
    #   pydantic-settings
    #   uvicorn
python-json-logger==3.3.0
    # via
    #   -r requirements.txt
    #   a2a-server
python-multipart==0.0.20
    # via mcp
pytz==2025.2
    # via
    #   -r requirements.txt
    #   pandas
pyvis==0.3.2
    # via
    #   -r requirements.txt
    #   crewai
pyyaml==6.0.2
    # via
    #   a2a-server
    #   chromadb
    #   google-adk
    #   huggingface-hub
    #   jsonschema-path
    #   kubernetes
    #   langchain
    #   langchain-core
    #   llama-index-core
    #   pydantic-evals
    #   uvicorn
queuelib==1.8.0
    # via
    #   -r requirements.txt
    #   scrapy
referencing==0.36.2
    # via
    #   -r requirements.txt
    #   jsonschema
    #   jsonschema-path
    #   jsonschema-specifications
regex==2024.11.6
    # via
    #   -r requirements.txt
    #   crewai
    #   nltk
    #   tiktoken
requests==2.32.4
    # via
    #   -r requirements.txt
    #   auth0-python
    #   azure-core
    #   chuk-mcp
    #   cohere
    #   google-api-core
    #   google-cloud-bigquery
    #   google-cloud-storage
    #   google-genai
    #   huggingface-hub
    #   instructor
    #   jsonschema-path
    #   kubernetes
    #   langchain
    #   langsmith
    #   llama-index-core
    #   msal
    #   opentelemetry-exporter-otlp-proto-http
    #   opentelemetry-resourcedetector-gcp
    #   pinecone-plugin-assistant
    #   posthog
    #   prance
    #   pydantic-ai-slim
    #   requests-file
    #   requests-oauthlib
    #   requests-toolbelt
    #   tiktoken
    #   tldextract
requests-file==2.1.0
    # via
    #   -r requirements.txt
    #   tldextract
requests-oauthlib==2.0.0
    # via
    #   -r requirements.txt
    #   kubernetes
requests-toolbelt==1.0.0
    # via
    #   -r requirements.txt
    #   langsmith
rfc3339-validator==0.1.4
    # via
    #   -r requirements.txt
    #   openapi-schema-validator
rich==13.9.4
    # via
    #   -r requirements.txt
    #   chromadb
    #   instructor
    #   marvin
    #   pydantic-ai-slim
    #   pydantic-evals
    #   typer
rpds-py==0.25.1
    # via
    #   -r requirements.txt
    #   jsonschema
    #   referencing
rsa==4.9.1
    # via
    #   -r requirements.txt
    #   google-auth
ruamel-yaml==0.18.14
    # via
    #   -r requirements.txt
    #   prance
ruamel-yaml-clib==0.2.12
    # via
    #   -r requirements.txt
    #   ruamel-yaml
s3transfer==0.13.0
    # via
    #   -r requirements.txt
    #   boto3
scipy==1.15.3
    # via
    #   -r requirements.txt
    #   semantic-kernel
scrapy==2.13.2
    # via
    #   -r requirements.txt
    #   a2a
semantic-kernel==1.32.2
    # via -r requirements.txt
service-identity==24.2.0
    # via
    #   -r requirements.txt
    #   scrapy
setuptools==80.9.0
    # via
    #   -r requirements.txt
    #   grpcio-tools
    #   incremental
    #   zope-interface
shapely==2.1.1
    # via
    #   -r requirements.txt
    #   google-cloud-aiplatform
shellingham==1.5.4
    # via
    #   -r requirements.txt
    #   typer
six==1.17.0
    # via
    #   -r requirements.txt
    #   azure-core
    #   kubernetes
    #   posthog
    #   python-dateutil
    #   rfc3339-validator
sniffio==1.3.1
    # via
    #   -r requirements.txt
    #   anthropic
    #   anyio
    #   groq
    #   openai
soupsieve==2.7
    # via
    #   -r requirements.txt
    #   beautifulsoup4
sqlalchemy==2.0.41
    # via
    #   -r requirements.txt
    #   alembic
    #   google-adk
    #   langchain
    #   llama-index-core
    #   marvin
sse-starlette==2.3.6
    # via
    #   -r requirements.txt
    #   a2a-sdk
    #   mcp
stack-data==0.6.3
    # via
    #   -r requirements.txt
    #   ipython
starlette==0.46.2
    # via
    #   -r requirements.txt
    #   a2a-sdk
    #   fasta2a
    #   fastapi
    #   mcp
striprtf==0.0.26
    # via
    #   -r requirements.txt
    #   llama-index-readers-file
sympy==1.14.0
    # via
    #   -r requirements.txt
    #   onnxruntime
tabulate==0.9.0
    # via
    #   -r requirements.txt
    #   a2a
tenacity==9.1.2
    # via
    #   -r requirements.txt
    #   chromadb
    #   instructor
    #   langchain-core
    #   llama-index-core
tiktoken==0.9.0
    # via
    #   -r requirements.txt
    #   chuk-llm
    #   litellm
    #   llama-index-core
tldextract==5.3.0
    # via
    #   -r requirements.txt
    #   scrapy
tokenizers==0.21.1
    # via
    #   -r requirements.txt
    #   chromadb
    #   cohere
    #   crewai
    #   litellm
tomli==2.2.1
    # via
    #   -r requirements.txt
    #   crewai
tomli-w==1.2.0
    # via
    #   -r requirements.txt
    #   crewai
tqdm==4.67.1
    # via
    #   -r requirements.txt
    #   chromadb
    #   huggingface-hub
    #   llama-index-core
    #   nltk
    #   openai
traitlets==5.14.3
    # via
    #   -r requirements.txt
    #   ipython
    #   matplotlib-inline
twisted==25.5.0
    # via
    #   -r requirements.txt
    #   scrapy
typer==0.16.0
    # via
    #   -r requirements.txt
    #   chromadb
    #   instructor
    #   marvin
types-requests==2.32.4.20250611
    # via
    #   -r requirements.txt
    #   cohere
typing-extensions==4.14.0
    # via
    #   -r requirements.txt
    #   aiosqlite
    #   alembic
    #   anthropic
    #   anyio
    #   azure-ai-agents
    #   azure-ai-projects
    #   azure-core
    #   azure-identity
    #   azure-storage-blob
    #   beautifulsoup4
    #   chromadb
    #   chuk-mcp
    #   cohere
    #   fastapi
    #   google-adk
    #   google-cloud-aiplatform
    #   google-genai
    #   groq
    #   huggingface-hub
    #   jwcrypto
    #   langchain-core
    #   llama-index-core
    #   openai
    #   openapi-core
    #   opentelemetry-api
    #   opentelemetry-exporter-otlp-proto-grpc
    #   opentelemetry-exporter-otlp-proto-http
    #   opentelemetry-resourcedetector-gcp
    #   opentelemetry-sdk
    #   opentelemetry-semantic-conventions
    #   pinecone
    #   pydantic
    #   pydantic-core
    #   pyee
    #   pyopenssl
    #   referencing
    #   semantic-kernel
    #   sqlalchemy
    #   twisted
    #   typer
    #   typing-inspect
    #   typing-inspection
typing-inspect==0.9.0
    # via
    #   -r requirements.txt
    #   dataclasses-json
    #   llama-index-core
typing-inspection==0.4.1
    # via
    #   -r requirements.txt
    #   mistralai
    #   pydantic
    #   pydantic-ai-slim
    #   pydantic-graph
    #   pydantic-settings
tzdata==2025.2
    # via
    #   -r requirements.txt
    #   pandas
tzlocal==5.3.1
    # via
    #   -r requirements.txt
    #   google-adk
uritemplate==4.2.0
    # via
    #   -r requirements.txt
    #   google-api-python-client
urllib3==2.4.0
    # via
    #   -r requirements.txt
    #   auth0-python
    #   botocore
    #   kubernetes
    #   pinecone
    #   requests
    #   types-requests
uuid==1.30
    # via
    #   -r requirements.txt
    #   chuk-tool-processor
uv==0.7.13
    # via
    #   -r requirements.txt
    #   crewai
uvicorn==0.34.3
    # via
    #   -r requirements.txt
    #   a2a-server
    #   chromadb
    #   google-adk
    #   mcp
uvloop==0.21.0
    # via
    #   -r requirements.txt
    #   uvicorn
w3lib==2.3.1
    # via
    #   -r requirements.txt
    #   parsel
    #   scrapy
watchdog==6.0.0
    # via
    #   -r requirements.txt
    #   mesop
watchfiles==1.0.5
    # via
    #   -r requirements.txt
    #   uvicorn
wcwidth==0.2.13
    # via
    #   -r requirements.txt
    #   prompt-toolkit
websocket-client==1.8.0
    # via
    #   -r requirements.txt
    #   kubernetes
websockets==15.0.1
    # via
    #   -r requirements.txt
    #   google-genai
    #   semantic-kernel
    #   uvicorn
werkzeug==3.1.1
    # via
    #   -r requirements.txt
    #   flask
    #   mesop
    #   openapi-core
wrapt==1.17.2
    # via
    #   -r requirements.txt
    #   deprecated
    #   llama-index-core
    #   opentelemetry-instrumentation
xxhash==3.5.0
    # via
    #   -r requirements.txt
    #   langgraph
yarl==1.20.1
    # via
    #   -r requirements.txt
    #   aiohttp
zipp==3.23.0
    # via
    #   -r requirements.txt
    #   importlib-metadata
zope-interface==7.2
    # via
    #   -r requirements.txt
    #   scrapy
    #   twisted
zstandard==0.23.0
    # via
    #   -r requirements.txt
    #   langsmith
